
Microsoft Visual Studio Solution File, Format Version 12.00
Project("{FAE04EC0-301F-11D3-BF4B-00C04F79EFBC}") = "FatNetLib", "FatNetLib\FatNetLib.csproj", "{A75C3829-8F9A-484C-8303-4C37B73B973F}"
EndProject
Project("{FAE04EC0-301F-11D3-BF4B-00C04F79EFBC}") = "FatNetLib.Tests", "FatNetLib.Tests\FatNetLib.Tests.csproj", "{38F858DE-B77A-4088-93FE-35B55881F824}"
EndProject
Project("{FAE04EC0-301F-11D3-BF4B-00C04F79EFBC}") = "FatNetLib.IntegrationTests", "FatNetLib.IntegrationTests\FatNetLib.IntegrationTests.csproj", "{3FFF4966-AA6F-4CD0-B707-20852C28D8E8}"
EndProject
Global
	GlobalSection(SolutionConfigurationPlatforms) = preSolution
		Debug|Any CPU = Debug|Any CPU
		Release|Any CPU = Release|Any CPU
	EndGlobalSection
	GlobalSection(ProjectConfigurationPlatforms) = postSolution
		{A75C3829-8F9A-484C-8303-4C37B73B973F}.Debug|Any CPU.ActiveCfg = Debug|Any CPU
		{A75C3829-8F9A-484C-8303-4C37B73B973F}.Debug|Any CPU.Build.0 = Debug|Any CPU
		{A75C3829-8F9A-484C-8303-4C37B73B973F}.Release|Any CPU.ActiveCfg = Release|Any CPU
		{A75C3829-8F9A-484C-8303-4C37B73B973F}.Release|Any CPU.Build.0 = Release|Any CPU
		{38F858DE-B77A-4088-93FE-35B55881F824}.Debug|Any CPU.ActiveCfg = Debug|Any CPU
		{38F858DE-B77A-4088-93FE-35B55881F824}.Debug|Any CPU.Build.0 = Debug|Any CPU
		{38F858DE-B77A-4088-93FE-35B55881F824}.Release|Any CPU.ActiveCfg = Release|Any CPU
		{38F858DE-B77A-4088-93FE-35B55881F824}.Release|Any CPU.Build.0 = Release|Any CPU
		{3FFF4966-AA6F-4CD0-B707-20852C28D8E8}.Debug|Any CPU.ActiveCfg = Debug|Any CPU
		{3FFF4966-AA6F-4CD0-B707-20852C28D8E8}.Debug|Any CPU.Build.0 = Debug|Any CPU
		{3FFF4966-AA6F-4CD0-B707-20852C28D8E8}.Release|Any CPU.ActiveCfg = Release|Any CPU
		{3FFF4966-AA6F-4CD0-B707-20852C28D8E8}.Release|Any CPU.Build.0 = Release|Any CPU
	EndGlobalSection
	GlobalSection(NestedProjects) = preSolution
	EndGlobalSection
EndGlobal
