
Microsoft Visual Studio Solution File, Format Version 12.00
Project("{FAE04EC0-301F-11D3-BF4B-00C04F79EFBC}") = "UdpFramework", "UdpFramework\UdpFramework.csproj", "{A75C3829-8F9A-484C-8303-4C37B73B973F}"
EndProject
Project("{2150E333-8FDC-42A3-9474-1A3956D46DE8}") = "TestCrud", "TestCrud", "{1D32FE98-8937-4C15-AA5A-04ECE1CFFD55}"
EndProject
Global
	GlobalSection(SolutionConfigurationPlatforms) = preSolution
		Debug|Any CPU = Debug|Any CPU
		Release|Any CPU = Release|Any CPU
	EndGlobalSection
	GlobalSection(ProjectConfigurationPlatforms) = postSolution
		{A75C3829-8F9A-484C-8303-4C37B73B973F}.Debug|Any CPU.ActiveCfg = Debug|Any CPU
		{A75C3829-8F9A-484C-8303-4C37B73B973F}.Debug|Any CPU.Build.0 = Debug|Any CPU
		{A75C3829-8F9A-484C-8303-4C37B73B973F}.Release|Any CPU.ActiveCfg = Release|Any CPU
		{A75C3829-8F9A-484C-8303-4C37B73B973F}.Release|Any CPU.Build.0 = Release|Any CPU
	EndGlobalSection
	GlobalSection(NestedProjects) = preSolution
	EndGlobalSection
EndGlobal
